
Microsoft Visual Studio Solution File, Format Version 12.00
# Visual Studio Version 17
VisualStudioVersion = 17.9.34622.214
MinimumVisualStudioVersion = 10.0.40219.1
Project("{FAE04EC0-301F-11D3-BF4B-00C04F79EFBC}") = "StudentOglasi", "StudentOglasi\StudentOglasi.csproj", "{2BBFFDE1-D01A-401B-8D1B-19898FBECB6B}"
EndProject
Project("{FAE04EC0-301F-11D3-BF4B-00C04F79EFBC}") = "StudentOglasi.Model", "StudentOglasi.Model\StudentOglasi.Model.csproj", "{045DA1D6-FAE1-490F-BC86-2146659A769D}"
EndProject
Project("{FAE04EC0-301F-11D3-BF4B-00C04F79EFBC}") = "StudentOglasi.Services", "StudentOglasi.Services\StudentOglasi.Services.csproj", "{F7E9F2CB-D0B3-41CE-B621-981CE7568B17}"
EndProject
Global
	GlobalSection(SolutionConfigurationPlatforms) = preSolution
		Debug|Any CPU = Debug|Any CPU
		Release|Any CPU = Release|Any CPU
	EndGlobalSection
	GlobalSection(ProjectConfigurationPlatforms) = postSolution
		{2BBFFDE1-D01A-401B-8D1B-19898FBECB6B}.Debug|Any CPU.ActiveCfg = Debug|Any CPU
		{2BBFFDE1-D01A-401B-8D1B-19898FBECB6B}.Debug|Any CPU.Build.0 = Debug|Any CPU
		{2BBFFDE1-D01A-401B-8D1B-19898FBECB6B}.Release|Any CPU.ActiveCfg = Release|Any CPU
		{2BBFFDE1-D01A-401B-8D1B-19898FBECB6B}.Release|Any CPU.Build.0 = Release|Any CPU
		{045DA1D6-FAE1-490F-BC86-2146659A769D}.Debug|Any CPU.ActiveCfg = Debug|Any CPU
		{045DA1D6-FAE1-490F-BC86-2146659A769D}.Debug|Any CPU.Build.0 = Debug|Any CPU
		{045DA1D6-FAE1-490F-BC86-2146659A769D}.Release|Any CPU.ActiveCfg = Release|Any CPU
		{045DA1D6-FAE1-490F-BC86-2146659A769D}.Release|Any CPU.Build.0 = Release|Any CPU
		{F7E9F2CB-D0B3-41CE-B621-981CE7568B17}.Debug|Any CPU.ActiveCfg = Debug|Any CPU
		{F7E9F2CB-D0B3-41CE-B621-981CE7568B17}.Debug|Any CPU.Build.0 = Debug|Any CPU
		{F7E9F2CB-D0B3-41CE-B621-981CE7568B17}.Release|Any CPU.ActiveCfg = Release|Any CPU
		{F7E9F2CB-D0B3-41CE-B621-981CE7568B17}.Release|Any CPU.Build.0 = Release|Any CPU
	EndGlobalSection
	GlobalSection(SolutionProperties) = preSolution
		HideSolutionNode = FALSE
	EndGlobalSection
	GlobalSection(ExtensibilityGlobals) = postSolution
		SolutionGuid = {CB7E0C30-2180-48AE-BF28-7440CBE2202D}
	EndGlobalSection
EndGlobal
